
Microsoft Visual Studio Solution File, Format Version 12.00
# Visual Studio 15
VisualStudioVersion = 15.0.26730.8
MinimumVisualStudioVersion = 10.0.40219.1
Project("{FAE04EC0-301F-11D3-BF4B-00C04F79EFBC}") = "CSharp_Tutorial", "FindHighLowIndex\CSharp_Tutorial.csproj", "{02F41943-6382-4934-A86A-A29335C7940C}"
EndProject
Project("{2150E333-8FDC-42A3-9474-1A3956D46DE8}") = "Solution Items", "Solution Items", "{109E5AD1-82B3-4A74-928E-20E016295012}"
	ProjectSection(SolutionItems) = preProject
		BinarySearch.cs = BinarySearch.cs
	EndProjectSection
EndProject
Global
	GlobalSection(SolutionConfigurationPlatforms) = preSolution
		Debug|Any CPU = Debug|Any CPU
		Release|Any CPU = Release|Any CPU
	EndGlobalSection
	GlobalSection(ProjectConfigurationPlatforms) = postSolution
		{02F41943-6382-4934-A86A-A29335C7940C}.Debug|Any CPU.ActiveCfg = Debug|Any CPU
		{02F41943-6382-4934-A86A-A29335C7940C}.Debug|Any CPU.Build.0 = Debug|Any CPU
		{02F41943-6382-4934-A86A-A29335C7940C}.Release|Any CPU.ActiveCfg = Release|Any CPU
		{02F41943-6382-4934-A86A-A29335C7940C}.Release|Any CPU.Build.0 = Release|Any CPU
	EndGlobalSection
	GlobalSection(SolutionProperties) = preSolution
		HideSolutionNode = FALSE
	EndGlobalSection
	GlobalSection(ExtensibilityGlobals) = postSolution
		SolutionGuid = {B98D306E-3A2C-4F09-90EF-16A03C780667}
	EndGlobalSection
EndGlobal
